
Microsoft Visual Studio Solution File, Format Version 12.00
# Visual Studio 15
VisualStudioVersion = 15.0.27428.2037
MinimumVisualStudioVersion = 10.0.40219.1
Project("{FAE04EC0-301F-11D3-BF4B-00C04F79EFBC}") = "FefuSecretaryBot", "FefuSecretaryBot\FefuSecretaryBot.csproj", "{9570C10A-8F86-4175-B471-75B21DD12AAD}"
EndProject
Global
	GlobalSection(SolutionConfigurationPlatforms) = preSolution
		Debug|Any CPU = Debug|Any CPU
		Release|Any CPU = Release|Any CPU
	EndGlobalSection
	GlobalSection(ProjectConfigurationPlatforms) = postSolution
		{9570C10A-8F86-4175-B471-75B21DD12AAD}.Debug|Any CPU.ActiveCfg = Debug|Any CPU
		{9570C10A-8F86-4175-B471-75B21DD12AAD}.Debug|Any CPU.Build.0 = Debug|Any CPU
		{9570C10A-8F86-4175-B471-75B21DD12AAD}.Release|Any CPU.ActiveCfg = Release|Any CPU
		{9570C10A-8F86-4175-B471-75B21DD12AAD}.Release|Any CPU.Build.0 = Release|Any CPU
	EndGlobalSection
	GlobalSection(SolutionProperties) = preSolution
		HideSolutionNode = FALSE
	EndGlobalSection
	GlobalSection(ExtensibilityGlobals) = postSolution
		SolutionGuid = {E0E60BEC-730D-4F67-800D-58A0C952927F}
	EndGlobalSection
EndGlobal
